
Microsoft Visual Studio Solution File, Format Version 12.00
# Visual Studio Version 16
VisualStudioVersion = 16.0.31005.135
MinimumVisualStudioVersion = 10.0.40219.1
Project("{8BC9CEB8-8B4A-11D0-8D11-00A0C91BC942}") = "LCR Dice Game", "LCR Dice Game.vcxproj", "{941A2120-9012-4E48-82F7-26669178ECE3}"
EndProject
Global
	GlobalSection(SolutionConfigurationPlatforms) = preSolution
		Debug|x64 = Debug|x64
		Debug|x86 = Debug|x86
		Release|x64 = Release|x64
		Release|x86 = Release|x86
	EndGlobalSection
	GlobalSection(ProjectConfigurationPlatforms) = postSolution
		{941A2120-9012-4E48-82F7-26669178ECE3}.Debug|x64.ActiveCfg = Debug|x64
		{941A2120-9012-4E48-82F7-26669178ECE3}.Debug|x64.Build.0 = Debug|x64
		{941A2120-9012-4E48-82F7-26669178ECE3}.Debug|x86.ActiveCfg = Debug|Win32
		{941A2120-9012-4E48-82F7-26669178ECE3}.Debug|x86.Build.0 = Debug|Win32
		{941A2120-9012-4E48-82F7-26669178ECE3}.Release|x64.ActiveCfg = Release|x64
		{941A2120-9012-4E48-82F7-26669178ECE3}.Release|x64.Build.0 = Release|x64
		{941A2120-9012-4E48-82F7-26669178ECE3}.Release|x86.ActiveCfg = Release|Win32
		{941A2120-9012-4E48-82F7-26669178ECE3}.Release|x86.Build.0 = Release|Win32
	EndGlobalSection
	GlobalSection(SolutionProperties) = preSolution
		HideSolutionNode = FALSE
	EndGlobalSection
	GlobalSection(ExtensibilityGlobals) = postSolution
		SolutionGuid = {284904EA-11ED-4335-9F1B-B93E4FF4E3EA}
	EndGlobalSection
EndGlobal
